
Microsoft Visual Studio Solution File, Format Version 12.00
Project("{FAE04EC0-301F-11D3-BF4B-00C04F79EFBC}") = "src\Seneca.Azure.Integration.Api", "src\Seneca.Azure.Integration.Api\Seneca.Azure.Integration.Api.csproj", "{43DC551E-4CF1-4B70-A90A-F41B6400734B}"
EndProject
Project("{FAE04EC0-301F-11D3-BF4B-00C04F79EFBC}") = "Seneca.Azure.Integration.DataLake", "src\Seneca.Azure.Integration.DataLake\Seneca.Azure.Integration.DataLake.csproj", "{F834E082-DC9C-4DE0-8EFC-6CC606556243}"
EndProject
Project("{FAE04EC0-301F-11D3-BF4B-00C04F79EFBC}") = "Seneca.Azure.Integration.KeyVault", "src\Seneca.Azure.Integration.KeyVault\Seneca.Azure.Integration.KeyVault.csproj", "{96C22709-8486-434B-83E2-A253933EE15A}"
EndProject
Project("{2150E333-8FDC-42A3-9474-1A3956D46DE8}") = "src", "src", "{B14C7373-0732-4634-A349-6EB4DA27B64D}"
EndProject
Project("{2150E333-8FDC-42A3-9474-1A3956D46DE8}") = "tests", "tests", "{ECA82B25-189F-4EFE-B386-4991D01D2A17}"
EndProject
Project("{FAE04EC0-301F-11D3-BF4B-00C04F79EFBC}") = "Seneca.Azure.Integration.KeyVault.UnitTests", "tests\Seneca.Azure.Integration.KeyVault.UnitTests\Seneca.Azure.Integration.KeyVault.UnitTests.csproj", "{DBD25CDF-93C4-4868-9E34-CA4D6E86F695}"
EndProject
Project("{FAE04EC0-301F-11D3-BF4B-00C04F79EFBC}") = "Seneca.Azure.Integration.DataLake.UnitTests", "tests\Seneca.Azure.Integration.DataLake.UnitTests\Seneca.Azure.Integration.DataLake.UnitTests.csproj", "{534DB60B-5FD0-4F3A-803C-2B57686C6673}"
EndProject
Project("{FAE04EC0-301F-11D3-BF4B-00C04F79EFBC}") = "Seneca.Azure.Integration.Api.UnitTests", "tests\Seneca.Azure.Integration.Api.UnitTests\Seneca.Azure.Integration.Api.UnitTests.csproj", "{69CFE512-551F-4664-BF9B-A8E800D5E6D5}"
EndProject
Global
	GlobalSection(SolutionConfigurationPlatforms) = preSolution
		Debug|Any CPU = Debug|Any CPU
		Release|Any CPU = Release|Any CPU
	EndGlobalSection
	GlobalSection(ProjectConfigurationPlatforms) = postSolution
		{43DC551E-4CF1-4B70-A90A-F41B6400734B}.Debug|Any CPU.ActiveCfg = Debug|Any CPU
		{43DC551E-4CF1-4B70-A90A-F41B6400734B}.Debug|Any CPU.Build.0 = Debug|Any CPU
		{43DC551E-4CF1-4B70-A90A-F41B6400734B}.Release|Any CPU.ActiveCfg = Release|Any CPU
		{43DC551E-4CF1-4B70-A90A-F41B6400734B}.Release|Any CPU.Build.0 = Release|Any CPU
		{F834E082-DC9C-4DE0-8EFC-6CC606556243}.Debug|Any CPU.ActiveCfg = Debug|Any CPU
		{F834E082-DC9C-4DE0-8EFC-6CC606556243}.Debug|Any CPU.Build.0 = Debug|Any CPU
		{F834E082-DC9C-4DE0-8EFC-6CC606556243}.Release|Any CPU.ActiveCfg = Release|Any CPU
		{F834E082-DC9C-4DE0-8EFC-6CC606556243}.Release|Any CPU.Build.0 = Release|Any CPU
		{96C22709-8486-434B-83E2-A253933EE15A}.Debug|Any CPU.ActiveCfg = Debug|Any CPU
		{96C22709-8486-434B-83E2-A253933EE15A}.Debug|Any CPU.Build.0 = Debug|Any CPU
		{96C22709-8486-434B-83E2-A253933EE15A}.Release|Any CPU.ActiveCfg = Release|Any CPU
		{96C22709-8486-434B-83E2-A253933EE15A}.Release|Any CPU.Build.0 = Release|Any CPU
		{DBD25CDF-93C4-4868-9E34-CA4D6E86F695}.Debug|Any CPU.ActiveCfg = Debug|Any CPU
		{DBD25CDF-93C4-4868-9E34-CA4D6E86F695}.Debug|Any CPU.Build.0 = Debug|Any CPU
		{DBD25CDF-93C4-4868-9E34-CA4D6E86F695}.Release|Any CPU.ActiveCfg = Release|Any CPU
		{DBD25CDF-93C4-4868-9E34-CA4D6E86F695}.Release|Any CPU.Build.0 = Release|Any CPU
		{534DB60B-5FD0-4F3A-803C-2B57686C6673}.Debug|Any CPU.ActiveCfg = Debug|Any CPU
		{534DB60B-5FD0-4F3A-803C-2B57686C6673}.Debug|Any CPU.Build.0 = Debug|Any CPU
		{534DB60B-5FD0-4F3A-803C-2B57686C6673}.Release|Any CPU.ActiveCfg = Release|Any CPU
		{534DB60B-5FD0-4F3A-803C-2B57686C6673}.Release|Any CPU.Build.0 = Release|Any CPU
		{69CFE512-551F-4664-BF9B-A8E800D5E6D5}.Debug|Any CPU.ActiveCfg = Debug|Any CPU
		{69CFE512-551F-4664-BF9B-A8E800D5E6D5}.Debug|Any CPU.Build.0 = Debug|Any CPU
		{69CFE512-551F-4664-BF9B-A8E800D5E6D5}.Release|Any CPU.ActiveCfg = Release|Any CPU
		{69CFE512-551F-4664-BF9B-A8E800D5E6D5}.Release|Any CPU.Build.0 = Release|Any CPU
	EndGlobalSection
	GlobalSection(NestedProjects) = preSolution
		{43DC551E-4CF1-4B70-A90A-F41B6400734B} = {B14C7373-0732-4634-A349-6EB4DA27B64D}
		{F834E082-DC9C-4DE0-8EFC-6CC606556243} = {B14C7373-0732-4634-A349-6EB4DA27B64D}
		{96C22709-8486-434B-83E2-A253933EE15A} = {B14C7373-0732-4634-A349-6EB4DA27B64D}
		{DBD25CDF-93C4-4868-9E34-CA4D6E86F695} = {ECA82B25-189F-4EFE-B386-4991D01D2A17}
		{534DB60B-5FD0-4F3A-803C-2B57686C6673} = {ECA82B25-189F-4EFE-B386-4991D01D2A17}
		{69CFE512-551F-4664-BF9B-A8E800D5E6D5} = {ECA82B25-189F-4EFE-B386-4991D01D2A17}
	EndGlobalSection
EndGlobal
